
Microsoft Visual Studio Solution File, Format Version 12.00
# Visual Studio Version 17
VisualStudioVersion = 17.7.34003.232
MinimumVisualStudioVersion = 10.0.40219.1
Project("{FAE04EC0-301F-11D3-BF4B-00C04F79EFBC}") = "BookApp", "BookApp.csproj", "{6DEDD09D-3627-4CB3-BEBF-01E0C9A8EBAC}"
EndProject
Global
	GlobalSection(SolutionConfigurationPlatforms) = preSolution
		Debug|Any CPU = Debug|Any CPU
		Release|Any CPU = Release|Any CPU
	EndGlobalSection
	GlobalSection(ProjectConfigurationPlatforms) = postSolution
		{6DEDD09D-3627-4CB3-BEBF-01E0C9A8EBAC}.Debug|Any CPU.ActiveCfg = Debug|Any CPU
		{6DEDD09D-3627-4CB3-BEBF-01E0C9A8EBAC}.Debug|Any CPU.Build.0 = Debug|Any CPU
		{6DEDD09D-3627-4CB3-BEBF-01E0C9A8EBAC}.Release|Any CPU.ActiveCfg = Release|Any CPU
		{6DEDD09D-3627-4CB3-BEBF-01E0C9A8EBAC}.Release|Any CPU.Build.0 = Release|Any CPU
	EndGlobalSection
	GlobalSection(SolutionProperties) = preSolution
		HideSolutionNode = FALSE
	EndGlobalSection
	GlobalSection(ExtensibilityGlobals) = postSolution
		SolutionGuid = {3D454BD4-BDAC-434A-BEE3-AB90EFD546F6}
	EndGlobalSection
EndGlobal
